
Microsoft Visual Studio Solution File, Format Version 12.00
# Visual Studio Version 16
VisualStudioVersion = 16.0.30413.136
MinimumVisualStudioVersion = 10.0.40219.1
Project("{FAE04EC0-301F-11D3-BF4B-00C04F79EFBC}") = "tienlai", "tienlai\tienlai.csproj", "{02D86C8A-A363-4E1D-8D0D-8EC131BA6719}"
EndProject
Global
	GlobalSection(SolutionConfigurationPlatforms) = preSolution
		Debug|Any CPU = Debug|Any CPU
		Release|Any CPU = Release|Any CPU
	EndGlobalSection
	GlobalSection(ProjectConfigurationPlatforms) = postSolution
		{02D86C8A-A363-4E1D-8D0D-8EC131BA6719}.Debug|Any CPU.ActiveCfg = Debug|Any CPU
		{02D86C8A-A363-4E1D-8D0D-8EC131BA6719}.Debug|Any CPU.Build.0 = Debug|Any CPU
		{02D86C8A-A363-4E1D-8D0D-8EC131BA6719}.Release|Any CPU.ActiveCfg = Release|Any CPU
		{02D86C8A-A363-4E1D-8D0D-8EC131BA6719}.Release|Any CPU.Build.0 = Release|Any CPU
	EndGlobalSection
	GlobalSection(SolutionProperties) = preSolution
		HideSolutionNode = FALSE
	EndGlobalSection
	GlobalSection(ExtensibilityGlobals) = postSolution
		SolutionGuid = {CF535345-A81F-4127-8266-A64FDACA12B4}
	EndGlobalSection
EndGlobal
